
Microsoft Visual Studio Solution File, Format Version 12.00
# Visual Studio Version 17
VisualStudioVersion = 17.2.32630.192
MinimumVisualStudioVersion = 10.0.40219.1
Project("{9A19103F-16F7-4668-BE54-9A1E7A4F7556}") = "SplitKey.Api", "SplitKey.Api\SplitKey.Api.csproj", "{832605A5-5FFF-4570-8493-0931967F3D6F}"
EndProject
Project("{9A19103F-16F7-4668-BE54-9A1E7A4F7556}") = "SplitKey.Domain", "SplitKey.Domain\SplitKey.Domain.csproj", "{307C9E93-23D4-4C3B-92D4-6AFA503B5422}"
EndProject
Project("{9A19103F-16F7-4668-BE54-9A1E7A4F7556}") = "SplitKey.DbContext", "SplitKey.Repository\SplitKey.DbContext.csproj", "{D92AD68D-4FE4-4B29-97EA-A07946FACAAB}"
EndProject
Project("{9A19103F-16F7-4668-BE54-9A1E7A4F7556}") = "SplitKey.Service", "SplitKey.Service\SplitKey.Service.csproj", "{074CBCAE-35C5-4294-8CE2-7C2D78FA547B}"
EndProject
Project("{9A19103F-16F7-4668-BE54-9A1E7A4F7556}") = "SplitKey.Dto", "SplitKey.Dto\SplitKey.Dto.csproj", "{EB8CF81D-7B1C-4909-953C-FA63317F71AE}"
EndProject
Project("{FAE04EC0-301F-11D3-BF4B-00C04F79EFBC}") = "SplitKey.Webpage", "SplitKey.Webpage\SplitKey.Webpage.csproj", "{C643495B-6D67-41C8-B38D-F9FDF55A1F1D}"
EndProject
Global
	GlobalSection(SolutionConfigurationPlatforms) = preSolution
		Debug|Any CPU = Debug|Any CPU
		Release|Any CPU = Release|Any CPU
	EndGlobalSection
	GlobalSection(ProjectConfigurationPlatforms) = postSolution
		{832605A5-5FFF-4570-8493-0931967F3D6F}.Debug|Any CPU.ActiveCfg = Debug|Any CPU
		{832605A5-5FFF-4570-8493-0931967F3D6F}.Debug|Any CPU.Build.0 = Debug|Any CPU
		{832605A5-5FFF-4570-8493-0931967F3D6F}.Release|Any CPU.ActiveCfg = Release|Any CPU
		{832605A5-5FFF-4570-8493-0931967F3D6F}.Release|Any CPU.Build.0 = Release|Any CPU
		{307C9E93-23D4-4C3B-92D4-6AFA503B5422}.Debug|Any CPU.ActiveCfg = Debug|Any CPU
		{307C9E93-23D4-4C3B-92D4-6AFA503B5422}.Debug|Any CPU.Build.0 = Debug|Any CPU
		{307C9E93-23D4-4C3B-92D4-6AFA503B5422}.Release|Any CPU.ActiveCfg = Release|Any CPU
		{307C9E93-23D4-4C3B-92D4-6AFA503B5422}.Release|Any CPU.Build.0 = Release|Any CPU
		{D92AD68D-4FE4-4B29-97EA-A07946FACAAB}.Debug|Any CPU.ActiveCfg = Debug|Any CPU
		{D92AD68D-4FE4-4B29-97EA-A07946FACAAB}.Debug|Any CPU.Build.0 = Debug|Any CPU
		{D92AD68D-4FE4-4B29-97EA-A07946FACAAB}.Release|Any CPU.ActiveCfg = Release|Any CPU
		{D92AD68D-4FE4-4B29-97EA-A07946FACAAB}.Release|Any CPU.Build.0 = Release|Any CPU
		{074CBCAE-35C5-4294-8CE2-7C2D78FA547B}.Debug|Any CPU.ActiveCfg = Debug|Any CPU
		{074CBCAE-35C5-4294-8CE2-7C2D78FA547B}.Debug|Any CPU.Build.0 = Debug|Any CPU
		{074CBCAE-35C5-4294-8CE2-7C2D78FA547B}.Release|Any CPU.ActiveCfg = Release|Any CPU
		{074CBCAE-35C5-4294-8CE2-7C2D78FA547B}.Release|Any CPU.Build.0 = Release|Any CPU
		{EB8CF81D-7B1C-4909-953C-FA63317F71AE}.Debug|Any CPU.ActiveCfg = Debug|Any CPU
		{EB8CF81D-7B1C-4909-953C-FA63317F71AE}.Debug|Any CPU.Build.0 = Debug|Any CPU
		{EB8CF81D-7B1C-4909-953C-FA63317F71AE}.Release|Any CPU.ActiveCfg = Release|Any CPU
		{EB8CF81D-7B1C-4909-953C-FA63317F71AE}.Release|Any CPU.Build.0 = Release|Any CPU
		{C643495B-6D67-41C8-B38D-F9FDF55A1F1D}.Debug|Any CPU.ActiveCfg = Debug|Any CPU
		{C643495B-6D67-41C8-B38D-F9FDF55A1F1D}.Debug|Any CPU.Build.0 = Debug|Any CPU
		{C643495B-6D67-41C8-B38D-F9FDF55A1F1D}.Release|Any CPU.ActiveCfg = Release|Any CPU
		{C643495B-6D67-41C8-B38D-F9FDF55A1F1D}.Release|Any CPU.Build.0 = Release|Any CPU
	EndGlobalSection
	GlobalSection(SolutionProperties) = preSolution
		HideSolutionNode = FALSE
	EndGlobalSection
	GlobalSection(ExtensibilityGlobals) = postSolution
		SolutionGuid = {6033318C-6DC9-47C2-95CB-42A80D604D42}
	EndGlobalSection
EndGlobal
